{
  "version": 4,
  "terraform_version": "1.11.1",
  "serial": 114,
  "lineage": "b8b6fbe1-ab3d-639e-1aac-01112f1416ab",
  "outputs": {},
  "resources": [
    {
      "mode": "managed",
      "type": "google_artifact_registry_repository",
      "name": "docker_repo",
      "provider": "provider[\"registry.terraform.io/hashicorp/google\"]",
      "instances": [
        {
          "schema_version": 0,
          "attributes": {
            "cleanup_policies": [],
            "cleanup_policy_dry_run": false,
            "create_time": "2025-03-22T13:14:47.889733Z",
            "description": "Docker repository for my app",
            "docker_config": [],
            "effective_labels": {
              "goog-terraform-provisioned": "true"
            },
            "format": "DOCKER",
            "id": "projects/csci-5409-k8s-assignment/locations/us-central1/repositories/my-repo",
            "kms_key_name": "",
            "labels": {},
            "location": "us-central1",
            "maven_config": [],
            "mode": "STANDARD_REPOSITORY",
            "name": "my-repo",
            "project": "csci-5409-k8s-assignment",
            "remote_repository_config": [],
            "repository_id": "my-repo",
            "terraform_labels": {
              "goog-terraform-provisioned": "true"
            },
            "timeouts": null,
            "update_time": "2025-03-22T14:00:39.024477Z",
            "virtual_repository_config": [],
            "vulnerability_scanning_config": [
              {
                "enablement_config": "",
                "enablement_state": "SCANNING_DISABLED",
                "enablement_state_reason": "API containerscanning.googleapis.com is not enabled."
              }
            ]
          },
          "sensitive_attributes": [],
          "private": "eyJlMmJmYjczMC1lY2FhLTExZTYtOGY4OC0zNDM2M2JjN2M0YzAiOnsiY3JlYXRlIjoxMjAwMDAwMDAwMDAwLCJkZWxldGUiOjEyMDAwMDAwMDAwMDAsInVwZGF0ZSI6MTIwMDAwMDAwMDAwMH19"
        }
      ]
    },
    {
      "mode": "managed",
      "type": "google_compute_disk",
      "name": "my_disk",
      "provider": "provider[\"registry.terraform.io/hashicorp/google\"]",
      "instances": [
        {
          "schema_version": 0,
          "attributes": {
            "access_mode": "",
            "architecture": null,
            "async_primary_disk": [],
            "create_snapshot_before_destroy": false,
            "create_snapshot_before_destroy_prefix": null,
            "creation_timestamp": "2025-03-22T06:14:47.267-07:00",
            "description": "",
            "disk_encryption_key": [],
            "disk_id": "4972713181369796904",
            "effective_labels": {
              "goog-gke-cluster-id-base32": "ykwo33xvnzf6xpauhtjccupgqq526gpmrzcesn42mb52sh3nopqq",
              "goog-gke-node-pool-provisioning-model": "on-demand",
              "goog-gke-volume": "",
              "goog-k8s-cluster-location": "us-central1-a",
              "goog-k8s-cluster-name": "my-gke-cluster",
              "goog-k8s-node-pool-name": "primary-node-pool",
              "goog-terraform-provisioned": "true"
            },
            "enable_confidential_compute": false,
            "guest_os_features": [],
            "id": "projects/csci-5409-k8s-assignment/zones/us-central1-a/disks/my-disk",
            "image": "",
            "label_fingerprint": "lSA1HiLVuxQ=",
            "labels": {},
            "last_attach_timestamp": "2025-03-22T07:00:51.145-07:00",
            "last_detach_timestamp": "",
            "licenses": [],
            "name": "my-disk",
            "params": [],
            "physical_block_size_bytes": 4096,
            "project": "csci-5409-k8s-assignment",
            "provisioned_iops": 0,
            "provisioned_throughput": 0,
            "self_link": "https://www.googleapis.com/compute/v1/projects/csci-5409-k8s-assignment/zones/us-central1-a/disks/my-disk",
            "size": 1,
            "snapshot": "",
            "source_disk": "",
            "source_disk_id": "",
            "source_image_encryption_key": [],
            "source_image_id": "",
            "source_instant_snapshot": "",
            "source_instant_snapshot_id": "",
            "source_snapshot_encryption_key": [],
            "source_snapshot_id": "",
            "source_storage_object": null,
            "storage_pool": "",
            "terraform_labels": {
              "goog-terraform-provisioned": "true"
            },
            "timeouts": null,
            "type": "pd-standard",
            "users": [
              "https://www.googleapis.com/compute/v1/projects/csci-5409-k8s-assignment/zones/us-central1-a/instances/gke-my-gke-cluster-primary-node-pool-46598d16-vmx2"
            ],
            "zone": "us-central1-a"
          },
          "sensitive_attributes": [],
          "private": "eyJlMmJmYjczMC1lY2FhLTExZTYtOGY4OC0zNDM2M2JjN2M0YzAiOnsiY3JlYXRlIjoxMjAwMDAwMDAwMDAwLCJkZWxldGUiOjEyMDAwMDAwMDAwMDAsInVwZGF0ZSI6MTIwMDAwMDAwMDAwMH19"
        }
      ]
    },
    {
      "mode": "managed",
      "type": "google_container_cluster",
      "name": "primary",
      "provider": "provider[\"registry.terraform.io/hashicorp/google\"]",
      "instances": [
        {
          "schema_version": 2,
          "attributes": {
            "addons_config": [
              {
                "cloudrun_config": [],
                "config_connector_config": [],
                "dns_cache_config": [],
                "gce_persistent_disk_csi_driver_config": [
                  {
                    "enabled": true
                  }
                ],
                "gcp_filestore_csi_driver_config": [],
                "gcs_fuse_csi_driver_config": [],
                "gke_backup_agent_config": [],
                "horizontal_pod_autoscaling": [],
                "http_load_balancing": [],
                "network_policy_config": [
                  {
                    "disabled": true
                  }
                ],
                "parallelstore_csi_driver_config": [],
                "ray_operator_config": [],
                "stateful_ha_config": []
              }
            ],
            "allow_net_admin": null,
            "authenticator_groups_config": [],
            "binary_authorization": [
              {
                "enabled": false,
                "evaluation_mode": ""
              }
            ],
            "cluster_autoscaling": [
              {
                "auto_provisioning_defaults": [],
                "auto_provisioning_locations": [],
                "autoscaling_profile": "BALANCED",
                "enabled": false,
                "resource_limits": []
              }
            ],
            "cluster_ipv4_cidr": "10.120.0.0/14",
            "confidential_nodes": [],
            "control_plane_endpoints_config": [
              {
                "dns_endpoint_config": [
                  {
                    "allow_external_traffic": false,
                    "endpoint": "gke-c2acedeef56e4bebbc143cd22151e6843baf-988275757541.us-central1-a.gke.goog"
                  }
                ]
              }
            ],
            "cost_management_config": [],
            "database_encryption": [
              {
                "key_name": "",
                "state": "DECRYPTED"
              }
            ],
            "datapath_provider": "",
            "default_max_pods_per_node": 110,
            "default_snat_status": [
              {
                "disabled": false
              }
            ],
            "deletion_protection": true,
            "description": "",
            "dns_config": [],
            "effective_labels": {
              "goog-terraform-provisioned": "true"
            },
            "enable_autopilot": false,
            "enable_cilium_clusterwide_network_policy": false,
            "enable_fqdn_network_policy": false,
            "enable_intranode_visibility": false,
            "enable_k8s_beta_apis": [],
            "enable_kubernetes_alpha": false,
            "enable_l4_ilb_subsetting": false,
            "enable_legacy_abac": false,
            "enable_multi_networking": false,
            "enable_shielded_nodes": true,
            "enable_tpu": false,
            "endpoint": "34.29.67.166",
            "enterprise_config": [
              {
                "cluster_tier": "STANDARD",
                "desired_tier": ""
              }
            ],
            "fleet": [],
            "gateway_api_config": [],
            "id": "projects/csci-5409-k8s-assignment/locations/us-central1-a/clusters/my-gke-cluster",
            "identity_service_config": [],
            "initial_node_count": 1,
            "ip_allocation_policy": [
              {
                "additional_pod_ranges_config": [],
                "cluster_ipv4_cidr_block": "10.120.0.0/14",
                "cluster_secondary_range_name": "gke-my-gke-cluster-pods-c2acedee",
                "pod_cidr_overprovision_config": [
                  {
                    "disabled": false
                  }
                ],
                "services_ipv4_cidr_block": "34.118.224.0/20",
                "services_secondary_range_name": "",
                "stack_type": "IPV4"
              }
            ],
            "label_fingerprint": "78cdf2f6",
            "location": "us-central1-a",
            "logging_config": [
              {
                "enable_components": [
                  "SYSTEM_COMPONENTS",
                  "WORKLOADS"
                ]
              }
            ],
            "logging_service": "logging.googleapis.com/kubernetes",
            "maintenance_policy": [],
            "master_auth": [
              {
                "client_certificate": "",
                "client_certificate_config": [
                  {
                    "issue_client_certificate": false
                  }
                ],
                "client_key": "",
                "cluster_ca_certificate": "LS0tLS1CRUdJTiBDRVJUSUZJQ0FURS0tLS0tCk1JSUVMRENDQXBTZ0F3SUJBZ0lRWFdaK0RqdHF6REV4NDkyd2xJQWdvekFOQmdrcWhraUc5dzBCQVFzRkFEQXYKTVMwd0t3WURWUVFERXlRNVpERXhZelE0WlMweE5qTTBMVFJsWmpjdE9URTNaQzAwTnpka05HWmtNakl3T1RNdwpJQmNOTWpVd016SXlNVEl4TkRRNFdoZ1BNakExTlRBek1UVXhNekUwTkRoYU1DOHhMVEFyQmdOVkJBTVRKRGxrCk1URmpORGhsTFRFMk16UXROR1ZtTnkwNU1UZGtMVFEzTjJRMFptUXlNakE1TXpDQ0FhSXdEUVlKS29aSWh2Y04KQVFFQkJRQURnZ0dQQURDQ0FZb0NnZ0dCQUtzLzRLZWducWl6MTEwQm85ODliZVdZblRVSDExZTRSMW9acHhUKwpPSUw0S3lJaUxrcVhhaExKT0pSSldyMFdjYVYzLzZHT2diRmZEUnBQNDlRUlZvN0pkNzVCVFVvbzRhdFh5Q0FuCnpJZGVUenR6ejI1MWxma3lVU0t6YkhheWlabmhnZ0JGNDcvak5TYlNwVE9mN0lNNnlxamJWWUdER0JZOFZkUEIKTy9DdDcxam9WYjlPNHFFSVVPUTNQQXBmVXhOTStta3E4U3R4d200SmNHeUtsZ0ZlbHZ5elk0SGhCR0RidFBZbApuazhxUk9yeFFSL3FSQTZ6Zmk5U3g1ME1YQVpQa0lINnBGbWdqUXNMa2gxQ0NnejNIUDBQc3lOVXcwYURMemxNCi9xK1FxMFBXZjBRbnZBR3RaUktWNkpOWUVZaVVJNVlqWU1iUVVEeUpZWFI2bmVFa1Z2Ym4vS214Nm1kRFIxb3oKanl0MUlaNWVMQ05DOGlHTjlrb0tWbVAyWm9QMEYyb3dNYTZmTFJobG41NkVleUc3TWJmWmxJYit0TmFmQjNtUQpVN2E3dXA4T1dBQ3lqYVdWYTAxc09zSWhzYllGWE5kcnhRSDRLczFteDY0aHFPVEdUSVNxeEc4VGszbHZ2Y1RsCmVtY2ZzbDd4b0hIUGpOVlRjTnBmWGJpSkF3SURBUUFCbzBJd1FEQU9CZ05WSFE4QkFmOEVCQU1DQWdRd0R3WUQKVlIwVEFRSC9CQVV3QXdFQi96QWRCZ05WSFE0RUZnUVVTVTFaOFRSL3BDdDI2enhNelcwZEhTNGhobU13RFFZSgpLb1pJaHZjTkFRRUxCUUFEZ2dHQkFCOC9rRVVSSXBEUmxiYktHbldISEFqWEtsQlBLSk1Ta3hRZzEzQVFicnNRCk9wMWxmdnYxcUpoVnpCb2tYU3JTVk43U0N4Z2tXeUtXTzYyL2w3MDlPeEFQQkdpbGpIUEZDUGJpNm84OW5ZSVcKUVRKdFhtTWhaWS9sT2d1RHZIV2ppT2xtNmNWYTcvY1hYV1JoUVpQS3QySnBVOWpmRkd2Q1ZkbHNFcUp2eDRtRgpTUXhJTzkrUi9JSmdRdjNISFdSUlhMYjZPNWhPMGdkdERXTUtrcG1tQndhNmNiOENiZ2xRL1drME15ZkRZalNsCnBXbHdGZ0dEUUJzUWk1cWg4Slpqci9wYU1ISm1rWDJ0U3diZ1NIb2xvZC83Q3Q2TldaRWZVdEQ4UnJjRU9pY0QKdlE4Ty92N0p3QW05aVhjSGdSd3hLcjluZGxJY0RaaDBtcjAvby81b2pYOVB2TE52TVVRNGZOQnhGbHhKTmxPVApIc2Y3NS9EV29pUk56T1ZOTkxCWnd0SVRUSjBWTkU1KzhTZXB3YURsZ1FkSldzTmkrYk1vTlJtTGp6aitIZThBCmlLelc0WWlvRnlONHN6MllIUUZtM0w3T1FiQWFKdnR2Z0FkeVY4SmlNZmdDMCtiYXZjd1cxMXVldHJOL3EzV3MKdytCUy9TbmhRK1VDb3RCS1R0a1ZCQT09Ci0tLS0tRU5EIENFUlRJRklDQVRFLS0tLS0K"
              }
            ],
            "master_authorized_networks_config": [],
            "master_version": "1.31.6-gke.1020000",
            "mesh_certificates": [],
            "min_master_version": null,
            "monitoring_config": [
              {
                "advanced_datapath_observability_config": [
                  {
                    "enable_metrics": false,
                    "enable_relay": false
                  }
                ],
                "enable_components": [
                  "SYSTEM_COMPONENTS",
                  "DAEMONSET",
                  "DEPLOYMENT",
                  "STATEFULSET",
                  "STORAGE",
                  "HPA",
                  "POD",
                  "CADVISOR",
                  "KUBELET"
                ],
                "managed_prometheus": [
                  {
                    "enabled": true
                  }
                ]
              }
            ],
            "monitoring_service": "monitoring.googleapis.com/kubernetes",
            "name": "my-gke-cluster",
            "network": "projects/csci-5409-k8s-assignment/global/networks/default",
            "network_policy": [
              {
                "enabled": false,
                "provider": "PROVIDER_UNSPECIFIED"
              }
            ],
            "networking_mode": "VPC_NATIVE",
            "node_config": [
              {
                "advanced_machine_features": [],
                "boot_disk_kms_key": "",
                "confidential_nodes": [],
                "containerd_config": [],
                "disk_size_gb": 10,
                "disk_type": "pd-standard",
                "effective_taints": [],
                "enable_confidential_storage": false,
                "ephemeral_storage_local_ssd_config": [],
                "fast_socket": [],
                "gcfs_config": [],
                "guest_accelerator": [],
                "gvnic": [],
                "host_maintenance_policy": [],
                "image_type": "COS_CONTAINERD",
                "kubelet_config": [
                  {
                    "allowed_unsafe_sysctls": [],
                    "container_log_max_files": 0,
                    "container_log_max_size": "",
                    "cpu_cfs_quota": false,
                    "cpu_cfs_quota_period": "",
                    "cpu_manager_policy": "",
                    "image_gc_high_threshold_percent": 0,
                    "image_gc_low_threshold_percent": 0,
                    "image_maximum_gc_age": "",
                    "image_minimum_gc_age": "",
                    "insecure_kubelet_readonly_port_enabled": "TRUE",
                    "pod_pids_limit": 0
                  }
                ],
                "labels": {},
                "linux_node_config": [],
                "local_nvme_ssd_block_config": [],
                "local_ssd_count": 0,
                "local_ssd_encryption_mode": "",
                "logging_variant": "DEFAULT",
                "machine_type": "e2-small",
                "max_run_duration": "",
                "metadata": {
                  "disable-legacy-endpoints": "true"
                },
                "min_cpu_platform": "",
                "node_group": "",
                "oauth_scopes": [
                  "https://www.googleapis.com/auth/devstorage.read_only",
                  "https://www.googleapis.com/auth/logging.write",
                  "https://www.googleapis.com/auth/monitoring",
                  "https://www.googleapis.com/auth/service.management.readonly",
                  "https://www.googleapis.com/auth/servicecontrol",
                  "https://www.googleapis.com/auth/trace.append"
                ],
                "preemptible": false,
                "reservation_affinity": [],
                "resource_labels": {
                  "goog-gke-node-pool-provisioning-model": "on-demand"
                },
                "resource_manager_tags": {},
                "secondary_boot_disks": [],
                "service_account": "default",
                "shielded_instance_config": [
                  {
                    "enable_integrity_monitoring": true,
                    "enable_secure_boot": false
                  }
                ],
                "sole_tenant_config": [],
                "spot": false,
                "storage_pools": [],
                "tags": [],
                "taint": [],
                "workload_metadata_config": []
              }
            ],
            "node_locations": [],
            "node_pool": [
              {
                "autoscaling": [],
                "initial_node_count": 1,
                "instance_group_urls": [
                  "https://www.googleapis.com/compute/v1/projects/csci-5409-k8s-assignment/zones/us-central1-a/instanceGroupManagers/gke-my-gke-cluster-primary-node-pool-46598d16-grp"
                ],
                "managed_instance_group_urls": [
                  "https://www.googleapis.com/compute/v1/projects/csci-5409-k8s-assignment/zones/us-central1-a/instanceGroups/gke-my-gke-cluster-primary-node-pool-46598d16-grp"
                ],
                "management": [
                  {
                    "auto_repair": true,
                    "auto_upgrade": true
                  }
                ],
                "max_pods_per_node": 110,
                "name": "primary-node-pool",
                "name_prefix": "",
                "network_config": [
                  {
                    "additional_node_network_configs": [],
                    "additional_pod_network_configs": [],
                    "create_pod_range": false,
                    "enable_private_nodes": false,
                    "network_performance_config": [],
                    "pod_cidr_overprovision_config": [],
                    "pod_ipv4_cidr_block": "10.120.0.0/14",
                    "pod_range": "gke-my-gke-cluster-pods-c2acedee"
                  }
                ],
                "node_config": [
                  {
                    "advanced_machine_features": [],
                    "boot_disk_kms_key": "",
                    "confidential_nodes": [],
                    "containerd_config": [],
                    "disk_size_gb": 10,
                    "disk_type": "pd-standard",
                    "effective_taints": [],
                    "enable_confidential_storage": false,
                    "ephemeral_storage_local_ssd_config": [],
                    "fast_socket": [],
                    "gcfs_config": [],
                    "guest_accelerator": [],
                    "gvnic": [],
                    "host_maintenance_policy": [],
                    "image_type": "COS_CONTAINERD",
                    "kubelet_config": [
                      {
                        "allowed_unsafe_sysctls": [],
                        "container_log_max_files": 0,
                        "container_log_max_size": "",
                        "cpu_cfs_quota": false,
                        "cpu_cfs_quota_period": "",
                        "cpu_manager_policy": "",
                        "image_gc_high_threshold_percent": 0,
                        "image_gc_low_threshold_percent": 0,
                        "image_maximum_gc_age": "",
                        "image_minimum_gc_age": "",
                        "insecure_kubelet_readonly_port_enabled": "TRUE",
                        "pod_pids_limit": 0
                      }
                    ],
                    "labels": {},
                    "linux_node_config": [],
                    "local_nvme_ssd_block_config": [],
                    "local_ssd_count": 0,
                    "local_ssd_encryption_mode": "",
                    "logging_variant": "DEFAULT",
                    "machine_type": "e2-small",
                    "max_run_duration": "",
                    "metadata": {
                      "disable-legacy-endpoints": "true"
                    },
                    "min_cpu_platform": "",
                    "node_group": "",
                    "oauth_scopes": [
                      "https://www.googleapis.com/auth/cloud-platform"
                    ],
                    "preemptible": false,
                    "reservation_affinity": [],
                    "resource_labels": {
                      "goog-gke-node-pool-provisioning-model": "on-demand"
                    },
                    "resource_manager_tags": {},
                    "secondary_boot_disks": [],
                    "service_account": "default",
                    "shielded_instance_config": [
                      {
                        "enable_integrity_monitoring": true,
                        "enable_secure_boot": false
                      }
                    ],
                    "sole_tenant_config": [],
                    "spot": false,
                    "storage_pools": [],
                    "tags": [],
                    "taint": [],
                    "workload_metadata_config": []
                  }
                ],
                "node_count": 1,
                "node_locations": [
                  "us-central1-a"
                ],
                "placement_policy": [],
                "queued_provisioning": [],
                "upgrade_settings": [
                  {
                    "blue_green_settings": [],
                    "max_surge": 1,
                    "max_unavailable": 0,
                    "strategy": "SURGE"
                  }
                ],
                "version": "1.31.6-gke.1020000"
              }
            ],
            "node_pool_auto_config": [],
            "node_pool_defaults": [
              {
                "node_config_defaults": [
                  {
                    "containerd_config": [],
                    "gcfs_config": [],
                    "insecure_kubelet_readonly_port_enabled": "FALSE",
                    "logging_variant": "DEFAULT"
                  }
                ]
              }
            ],
            "node_version": "1.31.6-gke.1020000",
            "notification_config": [
              {
                "pubsub": [
                  {
                    "enabled": false,
                    "filter": [],
                    "topic": ""
                  }
                ]
              }
            ],
            "operation": null,
            "private_cluster_config": [
              {
                "enable_private_endpoint": false,
                "enable_private_nodes": false,
                "master_global_access_config": [
                  {
                    "enabled": false
                  }
                ],
                "master_ipv4_cidr_block": "",
                "peering_name": "",
                "private_endpoint": "10.128.0.33",
                "private_endpoint_subnetwork": "",
                "public_endpoint": "34.29.67.166"
              }
            ],
            "private_ipv6_google_access": "",
            "project": "csci-5409-k8s-assignment",
            "release_channel": [
              {
                "channel": "REGULAR"
              }
            ],
            "remove_default_node_pool": true,
            "resource_labels": {},
            "resource_usage_export_config": [],
            "secret_manager_config": [
              {
                "enabled": false
              }
            ],
            "security_posture_config": [
              {
                "mode": "BASIC",
                "vulnerability_mode": "VULNERABILITY_MODE_UNSPECIFIED"
              }
            ],
            "self_link": "https://container.googleapis.com/v1/projects/csci-5409-k8s-assignment/zones/us-central1-a/clusters/my-gke-cluster",
            "service_external_ips_config": [
              {
                "enabled": false
              }
            ],
            "services_ipv4_cidr": "34.118.224.0/20",
            "subnetwork": "projects/csci-5409-k8s-assignment/regions/us-central1/subnetworks/default",
            "terraform_labels": {
              "goog-terraform-provisioned": "true"
            },
            "timeouts": null,
            "tpu_ipv4_cidr_block": "",
            "user_managed_keys_config": [],
            "vertical_pod_autoscaling": [],
            "workload_identity_config": []
          },
          "sensitive_attributes": [
            [
              {
                "type": "get_attr",
                "value": "master_auth"
              },
              {
                "type": "index",
                "value": {
                  "value": 0,
                  "type": "number"
                }
              },
              {
                "type": "get_attr",
                "value": "client_key"
              }
            ]
          ],
          "private": "eyJlMmJmYjczMC1lY2FhLTExZTYtOGY4OC0zNDM2M2JjN2M0YzAiOnsiY3JlYXRlIjoyNDAwMDAwMDAwMDAwLCJkZWxldGUiOjI0MDAwMDAwMDAwMDAsInJlYWQiOjI0MDAwMDAwMDAwMDAsInVwZGF0ZSI6MzYwMDAwMDAwMDAwMH0sInNjaGVtYV92ZXJzaW9uIjoiMiJ9"
        }
      ]
    },
    {
      "mode": "managed",
      "type": "google_container_node_pool",
      "name": "primary_nodes",
      "provider": "provider[\"registry.terraform.io/hashicorp/google\"]",
      "instances": [
        {
          "schema_version": 1,
          "attributes": {
            "autoscaling": [],
            "cluster": "my-gke-cluster",
            "id": "projects/csci-5409-k8s-assignment/locations/us-central1-a/clusters/my-gke-cluster/nodePools/primary-node-pool",
            "initial_node_count": 1,
            "instance_group_urls": [
              "https://www.googleapis.com/compute/v1/projects/csci-5409-k8s-assignment/zones/us-central1-a/instanceGroupManagers/gke-my-gke-cluster-primary-node-pool-46598d16-grp"
            ],
            "location": "us-central1-a",
            "managed_instance_group_urls": [
              "https://www.googleapis.com/compute/v1/projects/csci-5409-k8s-assignment/zones/us-central1-a/instanceGroups/gke-my-gke-cluster-primary-node-pool-46598d16-grp"
            ],
            "management": [
              {
                "auto_repair": true,
                "auto_upgrade": true
              }
            ],
            "max_pods_per_node": 110,
            "name": "primary-node-pool",
            "name_prefix": "",
            "network_config": [
              {
                "additional_node_network_configs": [],
                "additional_pod_network_configs": [],
                "create_pod_range": false,
                "enable_private_nodes": false,
                "network_performance_config": [],
                "pod_cidr_overprovision_config": [],
                "pod_ipv4_cidr_block": "10.120.0.0/14",
                "pod_range": "gke-my-gke-cluster-pods-c2acedee"
              }
            ],
            "node_config": [
              {
                "advanced_machine_features": [],
                "boot_disk_kms_key": "",
                "confidential_nodes": [],
                "containerd_config": [],
                "disk_size_gb": 10,
                "disk_type": "pd-standard",
                "effective_taints": [],
                "enable_confidential_storage": false,
                "ephemeral_storage_local_ssd_config": [],
                "fast_socket": [],
                "gcfs_config": [],
                "guest_accelerator": [],
                "gvnic": [],
                "host_maintenance_policy": [],
                "image_type": "COS_CONTAINERD",
                "kubelet_config": [
                  {
                    "allowed_unsafe_sysctls": [],
                    "container_log_max_files": 0,
                    "container_log_max_size": "",
                    "cpu_cfs_quota": false,
                    "cpu_cfs_quota_period": "",
                    "cpu_manager_policy": "",
                    "image_gc_high_threshold_percent": 0,
                    "image_gc_low_threshold_percent": 0,
                    "image_maximum_gc_age": "",
                    "image_minimum_gc_age": "",
                    "insecure_kubelet_readonly_port_enabled": "TRUE",
                    "pod_pids_limit": 0
                  }
                ],
                "labels": {},
                "linux_node_config": [],
                "local_nvme_ssd_block_config": [],
                "local_ssd_count": 0,
                "local_ssd_encryption_mode": "",
                "logging_variant": "DEFAULT",
                "machine_type": "e2-small",
                "max_run_duration": "",
                "metadata": {
                  "disable-legacy-endpoints": "true"
                },
                "min_cpu_platform": "",
                "node_group": "",
                "oauth_scopes": [
                  "https://www.googleapis.com/auth/cloud-platform"
                ],
                "preemptible": false,
                "reservation_affinity": [],
                "resource_labels": {
                  "goog-gke-node-pool-provisioning-model": "on-demand"
                },
                "resource_manager_tags": {},
                "secondary_boot_disks": [],
                "service_account": "default",
                "shielded_instance_config": [
                  {
                    "enable_integrity_monitoring": true,
                    "enable_secure_boot": false
                  }
                ],
                "sole_tenant_config": [],
                "spot": false,
                "storage_pools": [],
                "tags": [],
                "taint": [],
                "workload_metadata_config": []
              }
            ],
            "node_count": 1,
            "node_locations": [
              "us-central1-a"
            ],
            "operation": null,
            "placement_policy": [],
            "project": "csci-5409-k8s-assignment",
            "queued_provisioning": [],
            "timeouts": null,
            "upgrade_settings": [
              {
                "blue_green_settings": [],
                "max_surge": 1,
                "max_unavailable": 0,
                "strategy": "SURGE"
              }
            ],
            "version": "1.31.6-gke.1020000"
          },
          "sensitive_attributes": [],
          "private": "eyJlMmJmYjczMC1lY2FhLTExZTYtOGY4OC0zNDM2M2JjN2M0YzAiOnsiY3JlYXRlIjoxODAwMDAwMDAwMDAwLCJkZWxldGUiOjE4MDAwMDAwMDAwMDAsInVwZGF0ZSI6MTgwMDAwMDAwMDAwMH0sInNjaGVtYV92ZXJzaW9uIjoiMSJ9",
          "dependencies": [
            "google_container_cluster.primary"
          ]
        }
      ]
    },
    {
      "mode": "managed",
      "type": "google_project_iam_member",
      "name": "cloudbuild_artifact_registry",
      "provider": "provider[\"registry.terraform.io/hashicorp/google\"]",
      "instances": [
        {
          "schema_version": 0,
          "attributes": {
            "condition": [],
            "etag": "BwYw7iijLVE=",
            "id": "csci-5409-k8s-assignment/roles/artifactregistry.writer/serviceAccount:cloudbuild-sa@csci-5409-k8s-assignment.iam.gserviceaccount.com",
            "member": "serviceAccount:cloudbuild-sa@csci-5409-k8s-assignment.iam.gserviceaccount.com",
            "project": "csci-5409-k8s-assignment",
            "role": "roles/artifactregistry.writer"
          },
          "sensitive_attributes": [],
          "private": "bnVsbA==",
          "dependencies": [
            "google_service_account.cloudbuild"
          ]
        }
      ]
    },
    {
      "mode": "managed",
      "type": "google_project_iam_member",
      "name": "cloudbuild_k8s_developer",
      "provider": "provider[\"registry.terraform.io/hashicorp/google\"]",
      "instances": [
        {
          "schema_version": 0,
          "attributes": {
            "condition": [],
            "etag": "BwYw7iijLVE=",
            "id": "csci-5409-k8s-assignment/roles/container.developer/serviceAccount:cloudbuild-sa@csci-5409-k8s-assignment.iam.gserviceaccount.com",
            "member": "serviceAccount:cloudbuild-sa@csci-5409-k8s-assignment.iam.gserviceaccount.com",
            "project": "csci-5409-k8s-assignment",
            "role": "roles/container.developer"
          },
          "sensitive_attributes": [],
          "private": "bnVsbA==",
          "dependencies": [
            "google_service_account.cloudbuild"
          ]
        }
      ]
    },
    {
      "mode": "managed",
      "type": "google_project_iam_member",
      "name": "cloudbuild_logging",
      "provider": "provider[\"registry.terraform.io/hashicorp/google\"]",
      "instances": [
        {
          "schema_version": 0,
          "attributes": {
            "condition": [],
            "etag": "BwYw7iijLVE=",
            "id": "csci-5409-k8s-assignment/roles/logging.logWriter/serviceAccount:cloudbuild-sa@csci-5409-k8s-assignment.iam.gserviceaccount.com",
            "member": "serviceAccount:cloudbuild-sa@csci-5409-k8s-assignment.iam.gserviceaccount.com",
            "project": "csci-5409-k8s-assignment",
            "role": "roles/logging.logWriter"
          },
          "sensitive_attributes": [],
          "private": "bnVsbA==",
          "dependencies": [
            "google_service_account.cloudbuild"
          ]
        }
      ]
    },
    {
      "mode": "managed",
      "type": "google_project_iam_member",
      "name": "cloudbuild_secret_access",
      "provider": "provider[\"registry.terraform.io/hashicorp/google\"]",
      "instances": [
        {
          "schema_version": 0,
          "attributes": {
            "condition": [],
            "etag": "BwYw7iijLVE=",
            "id": "csci-5409-k8s-assignment/roles/secretmanager.secretAccessor/serviceAccount:cloudbuild-sa@csci-5409-k8s-assignment.iam.gserviceaccount.com",
            "member": "serviceAccount:cloudbuild-sa@csci-5409-k8s-assignment.iam.gserviceaccount.com",
            "project": "csci-5409-k8s-assignment",
            "role": "roles/secretmanager.secretAccessor"
          },
          "sensitive_attributes": [],
          "private": "bnVsbA==",
          "dependencies": [
            "google_service_account.cloudbuild"
          ]
        }
      ]
    },
    {
      "mode": "managed",
      "type": "google_project_iam_member",
      "name": "cloudbuild_storage_admin",
      "provider": "provider[\"registry.terraform.io/hashicorp/google\"]",
      "instances": [
        {
          "schema_version": 0,
          "attributes": {
            "condition": [],
            "etag": "BwYw7iijLVE=",
            "id": "csci-5409-k8s-assignment/roles/storage.admin/serviceAccount:cloudbuild-sa@csci-5409-k8s-assignment.iam.gserviceaccount.com",
            "member": "serviceAccount:cloudbuild-sa@csci-5409-k8s-assignment.iam.gserviceaccount.com",
            "project": "csci-5409-k8s-assignment",
            "role": "roles/storage.admin"
          },
          "sensitive_attributes": [],
          "private": "bnVsbA==",
          "dependencies": [
            "google_service_account.cloudbuild"
          ]
        }
      ]
    },
    {
      "mode": "managed",
      "type": "google_service_account",
      "name": "cloudbuild",
      "provider": "provider[\"registry.terraform.io/hashicorp/google\"]",
      "instances": [
        {
          "schema_version": 0,
          "attributes": {
            "account_id": "cloudbuild-sa",
            "create_ignore_already_exists": null,
            "description": "",
            "disabled": false,
            "display_name": "Cloud Build Service Account",
            "email": "cloudbuild-sa@csci-5409-k8s-assignment.iam.gserviceaccount.com",
            "id": "projects/csci-5409-k8s-assignment/serviceAccounts/cloudbuild-sa@csci-5409-k8s-assignment.iam.gserviceaccount.com",
            "member": "serviceAccount:cloudbuild-sa@csci-5409-k8s-assignment.iam.gserviceaccount.com",
            "name": "projects/csci-5409-k8s-assignment/serviceAccounts/cloudbuild-sa@csci-5409-k8s-assignment.iam.gserviceaccount.com",
            "project": "csci-5409-k8s-assignment",
            "timeouts": null,
            "unique_id": "101264200304167256379"
          },
          "sensitive_attributes": [],
          "private": "eyJlMmJmYjczMC1lY2FhLTExZTYtOGY4OC0zNDM2M2JjN2M0YzAiOnsiY3JlYXRlIjozMDAwMDAwMDAwMDB9fQ=="
        }
      ]
    }
  ],
  "check_results": null
}
