{
  "version": 4,
  "terraform_version": "1.11.1",
  "serial": 85,
  "lineage": "b8b6fbe1-ab3d-639e-1aac-01112f1416ab",
  "outputs": {},
  "resources": [
    {
      "mode": "managed",
      "type": "google_artifact_registry_repository",
      "name": "container1_repo",
      "provider": "provider[\"registry.terraform.io/hashicorp/google\"]",
      "instances": [
        {
          "schema_version": 0,
          "attributes": {
            "cleanup_policies": [],
            "cleanup_policy_dry_run": false,
            "create_time": "2025-03-22T04:47:41.086752Z",
            "description": "Docker repository for my app",
            "docker_config": [],
            "effective_labels": {
              "goog-terraform-provisioned": "true"
            },
            "format": "DOCKER",
            "id": "projects/csci-5409-k8s-assignment/locations/us-central1/repositories/container1-repo",
            "kms_key_name": "",
            "labels": null,
            "location": "us-central1",
            "maven_config": [],
            "mode": "STANDARD_REPOSITORY",
            "name": "container1-repo",
            "project": "csci-5409-k8s-assignment",
            "remote_repository_config": [],
            "repository_id": "container1-repo",
            "terraform_labels": {
              "goog-terraform-provisioned": "true"
            },
            "timeouts": null,
            "update_time": "2025-03-22T04:47:41.086752Z",
            "virtual_repository_config": [],
            "vulnerability_scanning_config": [
              {
                "enablement_config": "",
                "enablement_state": "SCANNING_DISABLED",
                "enablement_state_reason": "API containerscanning.googleapis.com is not enabled."
              }
            ]
          },
          "sensitive_attributes": [],
          "private": "eyJlMmJmYjczMC1lY2FhLTExZTYtOGY4OC0zNDM2M2JjN2M0YzAiOnsiY3JlYXRlIjoxMjAwMDAwMDAwMDAwLCJkZWxldGUiOjEyMDAwMDAwMDAwMDAsInVwZGF0ZSI6MTIwMDAwMDAwMDAwMH19"
        }
      ]
    },
    {
      "mode": "managed",
      "type": "google_artifact_registry_repository",
      "name": "container2_repo",
      "provider": "provider[\"registry.terraform.io/hashicorp/google\"]",
      "instances": [
        {
          "schema_version": 0,
          "attributes": {
            "cleanup_policies": [],
            "cleanup_policy_dry_run": false,
            "create_time": "2025-03-22T04:47:41.134825Z",
            "description": "Docker repository for my app",
            "docker_config": [],
            "effective_labels": {
              "goog-terraform-provisioned": "true"
            },
            "format": "DOCKER",
            "id": "projects/csci-5409-k8s-assignment/locations/us-central1/repositories/container2-repo",
            "kms_key_name": "",
            "labels": null,
            "location": "us-central1",
            "maven_config": [],
            "mode": "STANDARD_REPOSITORY",
            "name": "container2-repo",
            "project": "csci-5409-k8s-assignment",
            "remote_repository_config": [],
            "repository_id": "container2-repo",
            "terraform_labels": {
              "goog-terraform-provisioned": "true"
            },
            "timeouts": null,
            "update_time": "2025-03-22T04:47:41.134825Z",
            "virtual_repository_config": [],
            "vulnerability_scanning_config": [
              {
                "enablement_config": "",
                "enablement_state": "SCANNING_DISABLED",
                "enablement_state_reason": "API containerscanning.googleapis.com is not enabled."
              }
            ]
          },
          "sensitive_attributes": [],
          "private": "eyJlMmJmYjczMC1lY2FhLTExZTYtOGY4OC0zNDM2M2JjN2M0YzAiOnsiY3JlYXRlIjoxMjAwMDAwMDAwMDAwLCJkZWxldGUiOjEyMDAwMDAwMDAwMDAsInVwZGF0ZSI6MTIwMDAwMDAwMDAwMH19"
        }
      ]
    },
    {
      "mode": "managed",
      "type": "google_compute_disk",
      "name": "my_disk",
      "provider": "provider[\"registry.terraform.io/hashicorp/google\"]",
      "instances": [
        {
          "schema_version": 0,
          "attributes": {
            "access_mode": "",
            "architecture": null,
            "async_primary_disk": [],
            "create_snapshot_before_destroy": false,
            "create_snapshot_before_destroy_prefix": null,
            "creation_timestamp": "2025-03-21T21:47:40.567-07:00",
            "description": "",
            "disk_encryption_key": [],
            "disk_id": "6402617139780648451",
            "effective_labels": {
              "goog-terraform-provisioned": "true"
            },
            "enable_confidential_compute": false,
            "guest_os_features": [],
            "id": "projects/csci-5409-k8s-assignment/zones/us-central1-a/disks/my-disk",
            "image": "",
            "label_fingerprint": "vezUS-42LLM=",
            "labels": null,
            "last_attach_timestamp": "",
            "last_detach_timestamp": "",
            "licenses": [],
            "name": "my-disk",
            "params": [],
            "physical_block_size_bytes": 4096,
            "project": "csci-5409-k8s-assignment",
            "provisioned_iops": 0,
            "provisioned_throughput": 0,
            "self_link": "https://www.googleapis.com/compute/v1/projects/csci-5409-k8s-assignment/zones/us-central1-a/disks/my-disk",
            "size": 1,
            "snapshot": "",
            "source_disk": "",
            "source_disk_id": "",
            "source_image_encryption_key": [],
            "source_image_id": "",
            "source_instant_snapshot": "",
            "source_instant_snapshot_id": "",
            "source_snapshot_encryption_key": [],
            "source_snapshot_id": "",
            "source_storage_object": null,
            "storage_pool": "",
            "terraform_labels": {
              "goog-terraform-provisioned": "true"
            },
            "timeouts": null,
            "type": "pd-standard",
            "users": [],
            "zone": "us-central1-a"
          },
          "sensitive_attributes": [],
          "private": "eyJlMmJmYjczMC1lY2FhLTExZTYtOGY4OC0zNDM2M2JjN2M0YzAiOnsiY3JlYXRlIjoxMjAwMDAwMDAwMDAwLCJkZWxldGUiOjEyMDAwMDAwMDAwMDAsInVwZGF0ZSI6MTIwMDAwMDAwMDAwMH19"
        }
      ]
    },
    {
      "mode": "managed",
      "type": "google_container_cluster",
      "name": "primary",
      "provider": "provider[\"registry.terraform.io/hashicorp/google\"]",
      "instances": [
        {
          "schema_version": 2,
          "attributes": {
            "addons_config": [
              {
                "cloudrun_config": [],
                "config_connector_config": [],
                "dns_cache_config": [],
                "gce_persistent_disk_csi_driver_config": [
                  {
                    "enabled": true
                  }
                ],
                "gcp_filestore_csi_driver_config": [],
                "gcs_fuse_csi_driver_config": [],
                "gke_backup_agent_config": [],
                "horizontal_pod_autoscaling": [],
                "http_load_balancing": [],
                "network_policy_config": [
                  {
                    "disabled": true
                  }
                ],
                "parallelstore_csi_driver_config": [],
                "ray_operator_config": [],
                "stateful_ha_config": []
              }
            ],
            "allow_net_admin": null,
            "authenticator_groups_config": [],
            "binary_authorization": [
              {
                "enabled": false,
                "evaluation_mode": ""
              }
            ],
            "cluster_autoscaling": [
              {
                "auto_provisioning_defaults": [],
                "auto_provisioning_locations": [],
                "autoscaling_profile": "BALANCED",
                "enabled": false,
                "resource_limits": []
              }
            ],
            "cluster_ipv4_cidr": "10.96.0.0/14",
            "confidential_nodes": [],
            "control_plane_endpoints_config": [
              {
                "dns_endpoint_config": [
                  {
                    "allow_external_traffic": false,
                    "endpoint": "gke-6dbc36d9415441d99046bf905b2d526dd233-988275757541.us-central1.gke.goog"
                  }
                ]
              }
            ],
            "cost_management_config": [],
            "database_encryption": [
              {
                "key_name": "",
                "state": "DECRYPTED"
              }
            ],
            "datapath_provider": "",
            "default_max_pods_per_node": 110,
            "default_snat_status": [
              {
                "disabled": false
              }
            ],
            "deletion_protection": true,
            "description": "",
            "dns_config": [],
            "effective_labels": {
              "goog-terraform-provisioned": "true"
            },
            "enable_autopilot": false,
            "enable_cilium_clusterwide_network_policy": false,
            "enable_fqdn_network_policy": false,
            "enable_intranode_visibility": false,
            "enable_k8s_beta_apis": [],
            "enable_kubernetes_alpha": false,
            "enable_l4_ilb_subsetting": false,
            "enable_legacy_abac": false,
            "enable_multi_networking": false,
            "enable_shielded_nodes": true,
            "enable_tpu": false,
            "endpoint": "34.57.86.143",
            "enterprise_config": [
              {
                "cluster_tier": "STANDARD",
                "desired_tier": ""
              }
            ],
            "fleet": [],
            "gateway_api_config": [],
            "id": "projects/csci-5409-k8s-assignment/locations/us-central1/clusters/my-gke-cluster",
            "identity_service_config": [],
            "initial_node_count": 1,
            "ip_allocation_policy": [
              {
                "additional_pod_ranges_config": [],
                "cluster_ipv4_cidr_block": "10.96.0.0/14",
                "cluster_secondary_range_name": "gke-my-gke-cluster-pods-6dbc36d9",
                "pod_cidr_overprovision_config": [
                  {
                    "disabled": false
                  }
                ],
                "services_ipv4_cidr_block": "34.118.224.0/20",
                "services_secondary_range_name": "",
                "stack_type": "IPV4"
              }
            ],
            "label_fingerprint": "78cdf2f6",
            "location": "us-central1",
            "logging_config": [
              {
                "enable_components": [
                  "SYSTEM_COMPONENTS",
                  "WORKLOADS"
                ]
              }
            ],
            "logging_service": "logging.googleapis.com/kubernetes",
            "maintenance_policy": [],
            "master_auth": [
              {
                "client_certificate": "",
                "client_certificate_config": [
                  {
                    "issue_client_certificate": false
                  }
                ],
                "client_key": "",
                "cluster_ca_certificate": "LS0tLS1CRUdJTiBDRVJUSUZJQ0FURS0tLS0tCk1JSUVMVENDQXBXZ0F3SUJBZ0lSQU1jZ01jYkFwS05QS2VMbjRpWTRjVnd3RFFZSktvWklodmNOQVFFTEJRQXcKTHpFdE1Dc0dBMVVFQXhNa05tUTBNak14TmpNdFpqVXpPQzAwTWpsaUxXSTBPV010T0RBM01XTTVOVGM0TUdOaQpNQ0FYRFRJMU1ETXlNakF6TkRjME1Wb1lEekl3TlRVd016RTFNRFEwTnpReFdqQXZNUzB3S3dZRFZRUURFeVEyClpEUXlNekUyTXkxbU5UTTRMVFF5T1dJdFlqUTVZeTA0TURjeFl6azFOemd3WTJJd2dnR2lNQTBHQ1NxR1NJYjMKRFFFQkFRVUFBNElCandBd2dnR0tBb0lCZ1FDeFRGWVZSVHFkR01EUVpkZ1BTUmxnZTFkNmxGR2hxaGpzU0R2UgppQVNRK2F0RlVwOVNPS2ZWRW9mUDZrb1Rta0RHaXY2OU5FdC8wbnN2NEZ1MXhpbG0vSldCZkJJcGozaXBxU0J6CitRN0dpUERTVVlRbjdHemViLzBhSmRZQjJ0UFhYM0xRSmluNWdvckRBSHlQcTE4bWxzWlNsM3R1QWx3Uy9OdEcKbWs3c0Y5WlJ0RXNzMExTOUYzUVZjV3pmdjBHS09obi9sYncwOU1uZVBIUitsbERCSlZTbi9kYzhqZVRxb0VvYQpzZlViRWN3YXFtZGJHdC9jbDZpajBRRnlxUFgwb0Q3c2tCNlZUOXVCWkVHeFRsMG0zV0FKeC9iNEFyU3h2eEdxCjVhekw4QkZrbnhVZU9NNmFsczBTdVJ1RWxEOGpQRFNOdjN5UTRpSTFjdTdWa1RWZGJDQ05VbUg3dEMzVUkwVk4KQUtHMFZWTnpqQlBXMVZXbjJ6d2paaHMyQjFaQ2xMR1NJcnJuK3BkQmVBLzNWK1pQdXFOMFB0RjJLQ0VVSy9hQgphQ3pGY2ZhaE0xd1pxdkRmUWJJVk4ySzhGaXI0YTdoU1lPcVN0Mlkwd3B3d0hOSlBPcXJmK2NjM1YrbWdvYXhYCjRqNTlMRnlzc0ZMamtkRCtlTG54VGdiN3kzc0NBd0VBQWFOQ01FQXdEZ1lEVlIwUEFRSC9CQVFEQWdJRU1BOEcKQTFVZEV3RUIvd1FGTUFNQkFmOHdIUVlEVlIwT0JCWUVGSFEyK2NjV3p4NmhINmN3YjlJK2hnTnJWQno4TUEwRwpDU3FHU0liM0RRRUJDd1VBQTRJQmdRQ2ExMG5HNVZxMUM3Tk5IcUc0RlltUlgreUFDMWZSYmZQdVFrS3BEL1FUCk5wck9LUXFhc1FQZExVMTJONDlLTVhWVGFWUFpuazJDbDZodjcxN3hSSWFHazlhT2tsNXJnSmRML0Qzckp2dmMKMWNyenZ6bWRlcjJGLzFtTlhDZDBRZFBYWFNENnZHaHh1SEFOSC9pbTBFREU2UTltUUpLTWZsMWowYW9HaEdnRwp1N2RhaEJqR0k3M2UwT3hJVkRpNmx1aXo3MW9kSXV4blczbHdEM1AvM0NLaXg0akZQNkRvakdjLzl6Uzg3Ukd0CjlXQmpqQ1lwVG1HbHJHNzBVUUdnUC9ja2xmT3BPNFRoZnVxRmRTNi8xMWlrNGxHTFpPTmsydTZmbFZlU2o4V28KREJWaTVPSjBrR2ErM0VMWWd0S0t0cS9vaTFROUIya1F4c0V3N01DL3Q1a2U2eitoTy9mM1NCWnFvbjFqemUxWApaaTJKeW14WGJDRUdvcEVVSFJBWFNzanZ4WDY5MUFIMjFTVWc0eWZOR3A0b0tjZVZmcC9UWW5ROVBlWHQyYU5XClk4YURySmxKMVZ6djRhRWxjNjJYRDRaSjFtbTBYelJwTk4xQ09sTmF5ZkNSODFrTm5hcGNwR28vWW84RnFJV08KR2xzVVZiNjEyTDc5Z0NFVGJrZ3B0Rm89Ci0tLS0tRU5EIENFUlRJRklDQVRFLS0tLS0K"
              }
            ],
            "master_authorized_networks_config": [],
            "master_version": "1.31.6-gke.1020000",
            "mesh_certificates": [],
            "min_master_version": null,
            "monitoring_config": [
              {
                "advanced_datapath_observability_config": [
                  {
                    "enable_metrics": false,
                    "enable_relay": false
                  }
                ],
                "enable_components": [
                  "SYSTEM_COMPONENTS",
                  "STORAGE",
                  "HPA",
                  "POD",
                  "DAEMONSET",
                  "DEPLOYMENT",
                  "STATEFULSET",
                  "CADVISOR",
                  "KUBELET"
                ],
                "managed_prometheus": [
                  {
                    "enabled": true
                  }
                ]
              }
            ],
            "monitoring_service": "monitoring.googleapis.com/kubernetes",
            "name": "my-gke-cluster",
            "network": "projects/csci-5409-k8s-assignment/global/networks/default",
            "network_policy": [
              {
                "enabled": false,
                "provider": "PROVIDER_UNSPECIFIED"
              }
            ],
            "networking_mode": "VPC_NATIVE",
            "node_config": [],
            "node_locations": [
              "us-central1-a",
              "us-central1-c",
              "us-central1-f"
            ],
            "node_pool": [],
            "node_pool_auto_config": [],
            "node_pool_defaults": [
              {
                "node_config_defaults": [
                  {
                    "containerd_config": [],
                    "gcfs_config": [],
                    "insecure_kubelet_readonly_port_enabled": "FALSE",
                    "logging_variant": "DEFAULT"
                  }
                ]
              }
            ],
            "node_version": "1.31.6-gke.1020000",
            "notification_config": [
              {
                "pubsub": [
                  {
                    "enabled": false,
                    "filter": [],
                    "topic": ""
                  }
                ]
              }
            ],
            "operation": null,
            "private_cluster_config": [
              {
                "enable_private_endpoint": false,
                "enable_private_nodes": false,
                "master_global_access_config": [
                  {
                    "enabled": false
                  }
                ],
                "master_ipv4_cidr_block": "",
                "peering_name": "",
                "private_endpoint": "10.128.0.26",
                "private_endpoint_subnetwork": "",
                "public_endpoint": "34.57.86.143"
              }
            ],
            "private_ipv6_google_access": "",
            "project": "csci-5409-k8s-assignment",
            "release_channel": [
              {
                "channel": "REGULAR"
              }
            ],
            "remove_default_node_pool": true,
            "resource_labels": null,
            "resource_usage_export_config": [],
            "secret_manager_config": [
              {
                "enabled": false
              }
            ],
            "security_posture_config": [
              {
                "mode": "BASIC",
                "vulnerability_mode": "VULNERABILITY_MODE_UNSPECIFIED"
              }
            ],
            "self_link": "https://container.googleapis.com/v1/projects/csci-5409-k8s-assignment/locations/us-central1/clusters/my-gke-cluster",
            "service_external_ips_config": [
              {
                "enabled": false
              }
            ],
            "services_ipv4_cidr": "34.118.224.0/20",
            "subnetwork": "projects/csci-5409-k8s-assignment/regions/us-central1/subnetworks/default",
            "terraform_labels": {
              "goog-terraform-provisioned": "true"
            },
            "timeouts": null,
            "tpu_ipv4_cidr_block": "",
            "user_managed_keys_config": [],
            "vertical_pod_autoscaling": [],
            "workload_identity_config": []
          },
          "sensitive_attributes": [
            [
              {
                "type": "get_attr",
                "value": "master_auth"
              },
              {
                "type": "index",
                "value": {
                  "value": 0,
                  "type": "number"
                }
              },
              {
                "type": "get_attr",
                "value": "client_key"
              }
            ]
          ],
          "private": "eyJlMmJmYjczMC1lY2FhLTExZTYtOGY4OC0zNDM2M2JjN2M0YzAiOnsiY3JlYXRlIjoyNDAwMDAwMDAwMDAwLCJkZWxldGUiOjI0MDAwMDAwMDAwMDAsInJlYWQiOjI0MDAwMDAwMDAwMDAsInVwZGF0ZSI6MzYwMDAwMDAwMDAwMH0sInNjaGVtYV92ZXJzaW9uIjoiMiJ9"
        }
      ]
    },
    {
      "mode": "managed",
      "type": "google_container_node_pool",
      "name": "primary_nodes",
      "provider": "provider[\"registry.terraform.io/hashicorp/google\"]",
      "instances": [
        {
          "schema_version": 1,
          "attributes": {
            "autoscaling": [],
            "cluster": "my-gke-cluster",
            "id": "projects/csci-5409-k8s-assignment/locations/us-central1/clusters/my-gke-cluster/nodePools/primary-node-pool",
            "initial_node_count": 1,
            "instance_group_urls": [
              "https://www.googleapis.com/compute/v1/projects/csci-5409-k8s-assignment/zones/us-central1-f/instanceGroupManagers/gke-my-gke-cluster-primary-node-pool-397fe372-grp",
              "https://www.googleapis.com/compute/v1/projects/csci-5409-k8s-assignment/zones/us-central1-a/instanceGroupManagers/gke-my-gke-cluster-primary-node-pool-43e7fa9a-grp",
              "https://www.googleapis.com/compute/v1/projects/csci-5409-k8s-assignment/zones/us-central1-c/instanceGroupManagers/gke-my-gke-cluster-primary-node-pool-d202b01d-grp"
            ],
            "location": "us-central1",
            "managed_instance_group_urls": [
              "https://www.googleapis.com/compute/v1/projects/csci-5409-k8s-assignment/zones/us-central1-f/instanceGroups/gke-my-gke-cluster-primary-node-pool-397fe372-grp",
              "https://www.googleapis.com/compute/v1/projects/csci-5409-k8s-assignment/zones/us-central1-a/instanceGroups/gke-my-gke-cluster-primary-node-pool-43e7fa9a-grp",
              "https://www.googleapis.com/compute/v1/projects/csci-5409-k8s-assignment/zones/us-central1-c/instanceGroups/gke-my-gke-cluster-primary-node-pool-d202b01d-grp"
            ],
            "management": [
              {
                "auto_repair": true,
                "auto_upgrade": true
              }
            ],
            "max_pods_per_node": 110,
            "name": "primary-node-pool",
            "name_prefix": "",
            "network_config": [
              {
                "additional_node_network_configs": [],
                "additional_pod_network_configs": [],
                "create_pod_range": false,
                "enable_private_nodes": false,
                "network_performance_config": [],
                "pod_cidr_overprovision_config": [],
                "pod_ipv4_cidr_block": "10.96.0.0/14",
                "pod_range": "gke-my-gke-cluster-pods-6dbc36d9"
              }
            ],
            "node_config": [
              {
                "advanced_machine_features": [],
                "boot_disk_kms_key": "",
                "confidential_nodes": [],
                "containerd_config": [],
                "disk_size_gb": 10,
                "disk_type": "pd-standard",
                "effective_taints": [],
                "enable_confidential_storage": false,
                "ephemeral_storage_local_ssd_config": [],
                "fast_socket": [],
                "gcfs_config": [],
                "guest_accelerator": [],
                "gvnic": [],
                "host_maintenance_policy": [],
                "image_type": "COS_CONTAINERD",
                "kubelet_config": [
                  {
                    "allowed_unsafe_sysctls": [],
                    "container_log_max_files": 0,
                    "container_log_max_size": "",
                    "cpu_cfs_quota": false,
                    "cpu_cfs_quota_period": "",
                    "cpu_manager_policy": "",
                    "image_gc_high_threshold_percent": 0,
                    "image_gc_low_threshold_percent": 0,
                    "image_maximum_gc_age": "",
                    "image_minimum_gc_age": "",
                    "insecure_kubelet_readonly_port_enabled": "TRUE",
                    "pod_pids_limit": 0
                  }
                ],
                "labels": {},
                "linux_node_config": [],
                "local_nvme_ssd_block_config": [],
                "local_ssd_count": 0,
                "local_ssd_encryption_mode": "",
                "logging_variant": "DEFAULT",
                "machine_type": "e2-small",
                "max_run_duration": "",
                "metadata": {
                  "disable-legacy-endpoints": "true"
                },
                "min_cpu_platform": "",
                "node_group": "",
                "oauth_scopes": [
                  "https://www.googleapis.com/auth/cloud-platform"
                ],
                "preemptible": false,
                "reservation_affinity": [],
                "resource_labels": {
                  "goog-gke-node-pool-provisioning-model": "on-demand"
                },
                "resource_manager_tags": null,
                "secondary_boot_disks": [],
                "service_account": "default",
                "shielded_instance_config": [
                  {
                    "enable_integrity_monitoring": true,
                    "enable_secure_boot": false
                  }
                ],
                "sole_tenant_config": [],
                "spot": false,
                "storage_pools": null,
                "tags": null,
                "taint": [],
                "workload_metadata_config": []
              }
            ],
            "node_count": 1,
            "node_locations": [
              "us-central1-a",
              "us-central1-c",
              "us-central1-f"
            ],
            "operation": null,
            "placement_policy": [],
            "project": "csci-5409-k8s-assignment",
            "queued_provisioning": [],
            "timeouts": null,
            "upgrade_settings": [
              {
                "blue_green_settings": [],
                "max_surge": 1,
                "max_unavailable": 0,
                "strategy": "SURGE"
              }
            ],
            "version": "1.31.6-gke.1020000"
          },
          "sensitive_attributes": [],
          "private": "eyJlMmJmYjczMC1lY2FhLTExZTYtOGY4OC0zNDM2M2JjN2M0YzAiOnsiY3JlYXRlIjoxODAwMDAwMDAwMDAwLCJkZWxldGUiOjE4MDAwMDAwMDAwMDAsInVwZGF0ZSI6MTgwMDAwMDAwMDAwMH0sInNjaGVtYV92ZXJzaW9uIjoiMSJ9",
          "dependencies": [
            "google_container_cluster.primary"
          ]
        }
      ]
    },
    {
      "mode": "managed",
      "type": "google_project_iam_member",
      "name": "cloudbuild_artifact_registry",
      "provider": "provider[\"registry.terraform.io/hashicorp/google\"]",
      "instances": [
        {
          "schema_version": 0,
          "attributes": {
            "condition": [],
            "etag": "BwYw5xM67Dk=",
            "id": "csci-5409-k8s-assignment/roles/artifactregistry.writer/serviceAccount:cloudbuild-sa@csci-5409-k8s-assignment.iam.gserviceaccount.com",
            "member": "serviceAccount:cloudbuild-sa@csci-5409-k8s-assignment.iam.gserviceaccount.com",
            "project": "csci-5409-k8s-assignment",
            "role": "roles/artifactregistry.writer"
          },
          "sensitive_attributes": [],
          "private": "bnVsbA==",
          "dependencies": [
            "google_service_account.cloudbuild"
          ]
        }
      ]
    },
    {
      "mode": "managed",
      "type": "google_project_iam_member",
      "name": "cloudbuild_k8s_developer",
      "provider": "provider[\"registry.terraform.io/hashicorp/google\"]",
      "instances": [
        {
          "schema_version": 0,
          "attributes": {
            "condition": [],
            "etag": "BwYw5xM67Dk=",
            "id": "csci-5409-k8s-assignment/roles/container.developer/serviceAccount:cloudbuild-sa@csci-5409-k8s-assignment.iam.gserviceaccount.com",
            "member": "serviceAccount:cloudbuild-sa@csci-5409-k8s-assignment.iam.gserviceaccount.com",
            "project": "csci-5409-k8s-assignment",
            "role": "roles/container.developer"
          },
          "sensitive_attributes": [],
          "private": "bnVsbA==",
          "dependencies": [
            "google_service_account.cloudbuild"
          ]
        }
      ]
    },
    {
      "mode": "managed",
      "type": "google_project_iam_member",
      "name": "cloudbuild_logging",
      "provider": "provider[\"registry.terraform.io/hashicorp/google\"]",
      "instances": [
        {
          "schema_version": 0,
          "attributes": {
            "condition": [],
            "etag": "BwYw5xM67Dk=",
            "id": "csci-5409-k8s-assignment/roles/logging.logWriter/serviceAccount:cloudbuild-sa@csci-5409-k8s-assignment.iam.gserviceaccount.com",
            "member": "serviceAccount:cloudbuild-sa@csci-5409-k8s-assignment.iam.gserviceaccount.com",
            "project": "csci-5409-k8s-assignment",
            "role": "roles/logging.logWriter"
          },
          "sensitive_attributes": [],
          "private": "bnVsbA==",
          "dependencies": [
            "google_service_account.cloudbuild"
          ]
        }
      ]
    },
    {
      "mode": "managed",
      "type": "google_project_iam_member",
      "name": "cloudbuild_secret_access",
      "provider": "provider[\"registry.terraform.io/hashicorp/google\"]",
      "instances": [
        {
          "schema_version": 0,
          "attributes": {
            "condition": [],
            "etag": "BwYw5xM67Dk=",
            "id": "csci-5409-k8s-assignment/roles/secretmanager.secretAccessor/serviceAccount:cloudbuild-sa@csci-5409-k8s-assignment.iam.gserviceaccount.com",
            "member": "serviceAccount:cloudbuild-sa@csci-5409-k8s-assignment.iam.gserviceaccount.com",
            "project": "csci-5409-k8s-assignment",
            "role": "roles/secretmanager.secretAccessor"
          },
          "sensitive_attributes": [],
          "private": "bnVsbA==",
          "dependencies": [
            "google_service_account.cloudbuild"
          ]
        }
      ]
    },
    {
      "mode": "managed",
      "type": "google_project_iam_member",
      "name": "cloudbuild_storage_admin",
      "provider": "provider[\"registry.terraform.io/hashicorp/google\"]",
      "instances": [
        {
          "schema_version": 0,
          "attributes": {
            "condition": [],
            "etag": "BwYw5xM67Dk=",
            "id": "csci-5409-k8s-assignment/roles/storage.admin/serviceAccount:cloudbuild-sa@csci-5409-k8s-assignment.iam.gserviceaccount.com",
            "member": "serviceAccount:cloudbuild-sa@csci-5409-k8s-assignment.iam.gserviceaccount.com",
            "project": "csci-5409-k8s-assignment",
            "role": "roles/storage.admin"
          },
          "sensitive_attributes": [],
          "private": "bnVsbA==",
          "dependencies": [
            "google_service_account.cloudbuild"
          ]
        }
      ]
    },
    {
      "mode": "managed",
      "type": "google_service_account",
      "name": "cloudbuild",
      "provider": "provider[\"registry.terraform.io/hashicorp/google\"]",
      "instances": [
        {
          "schema_version": 0,
          "attributes": {
            "account_id": "cloudbuild-sa",
            "create_ignore_already_exists": null,
            "description": "",
            "disabled": false,
            "display_name": "Cloud Build Service Account",
            "email": "cloudbuild-sa@csci-5409-k8s-assignment.iam.gserviceaccount.com",
            "id": "projects/csci-5409-k8s-assignment/serviceAccounts/cloudbuild-sa@csci-5409-k8s-assignment.iam.gserviceaccount.com",
            "member": "serviceAccount:cloudbuild-sa@csci-5409-k8s-assignment.iam.gserviceaccount.com",
            "name": "projects/csci-5409-k8s-assignment/serviceAccounts/cloudbuild-sa@csci-5409-k8s-assignment.iam.gserviceaccount.com",
            "project": "csci-5409-k8s-assignment",
            "timeouts": null,
            "unique_id": "106562243987923818677"
          },
          "sensitive_attributes": [],
          "private": "eyJlMmJmYjczMC1lY2FhLTExZTYtOGY4OC0zNDM2M2JjN2M0YzAiOnsiY3JlYXRlIjozMDAwMDAwMDAwMDB9fQ=="
        }
      ]
    }
  ],
  "check_results": null
}
